// !$*UTF8*$!
{
	archiveVersion = 1;
	classes = {
	};
	objectVersion = 48;
	objects = {

/* Begin PBXBuildFile section */
		A641AEA120D20F3B00717355 /* AppDelegate.swift in Sources */ = {isa = PBXBuildFile; fileRef = A641AEA020D20F3B00717355 /* AppDelegate.swift */; };
		A641AEA820D20F3B00717355 /* Assets.xcassets in Resources */ = {isa = PBXBuildFile; fileRef = A641AEA720D20F3B00717355 /* Assets.xcassets */; };
		A641AEAB20D20F3B00717355 /* LaunchScreen.storyboard in Resources */ = {isa = PBXBuildFile; fileRef = A641AEA920D20F3B00717355 /* LaunchScreen.storyboard */; };
		A641AEB620D20F3B00717355 /* SwiftDemoTests.swift in Sources */ = {isa = PBXBuildFile; fileRef = A641AEB520D20F3B00717355 /* SwiftDemoTests.swift */; };
		A641AEC120D20F3B00717355 /* SwiftDemoUITests.swift in Sources */ = {isa = PBXBuildFile; fileRef = A641AEC020D20F3B00717355 /* SwiftDemoUITests.swift */; };
		A64BAD8420DA2E1A000F0322 /* UIView+CYLTabBarControllerExtention.m in Sources */ = {isa = PBXBuildFile; fileRef = A64BAD7B20DA2E1A000F0322 /* UIView+CYLTabBarControllerExtention.m */; };
		A64BAD8520DA2E1A000F0322 /* CYLTabBarController.m in Sources */ = {isa = PBXBuildFile; fileRef = A64BAD7D20DA2E1A000F0322 /* CYLTabBarController.m */; };
		A64BAD8620DA2E1A000F0322 /* CYLTabBar.m in Sources */ = {isa = PBXBuildFile; fileRef = A64BAD7F20DA2E1A000F0322 /* CYLTabBar.m */; };
		A64BAD8720DA2E1A000F0322 /* CYLPlusButton.m in Sources */ = {isa = PBXBuildFile; fileRef = A64BAD8020DA2E1A000F0322 /* CYLPlusButton.m */; };
		A64BAD8820DA2E1A000F0322 /* UIViewController+CYLTabBarControllerExtention.m in Sources */ = {isa = PBXBuildFile; fileRef = A64BAD8220DA2E1A000F0322 /* UIViewController+CYLTabBarControllerExtention.m */; };
		A64BAD8A20DA2E82000F0322 /* MainViewControllerConfig.swift in Sources */ = {isa = PBXBuildFile; fileRef = A64BAD8920DA2E82000F0322 /* MainViewControllerConfig.swift */; };
		A64BAD9E20DA32D5000F0322 /* YXHomeViewController.swift in Sources */ = {isa = PBXBuildFile; fileRef = A64BAD9C20DA32D5000F0322 /* YXHomeViewController.swift */; };
		A64BADA220DA32F0000F0322 /* YXDiscoverViewController.swift in Sources */ = {isa = PBXBuildFile; fileRef = A64BADA020DA32F0000F0322 /* YXDiscoverViewController.swift */; };
		A64BADA320DA32F0000F0322 /* YXDiscoverViewController.xib in Resources */ = {isa = PBXBuildFile; fileRef = A64BADA120DA32F0000F0322 /* YXDiscoverViewController.xib */; };
		A64BADA620DA3306000F0322 /* YXRankIndexViewController.swift in Sources */ = {isa = PBXBuildFile; fileRef = A64BADA420DA3306000F0322 /* YXRankIndexViewController.swift */; };
		A64BADA720DA3306000F0322 /* YXRankIndexViewController.xib in Resources */ = {isa = PBXBuildFile; fileRef = A64BADA520DA3306000F0322 /* YXRankIndexViewController.xib */; };
		A64BADAA20DA3314000F0322 /* YXMineViewController.swift in Sources */ = {isa = PBXBuildFile; fileRef = A64BADA820DA3314000F0322 /* YXMineViewController.swift */; };
		A64BADAB20DA3314000F0322 /* YXMineViewController.xib in Resources */ = {isa = PBXBuildFile; fileRef = A64BADA920DA3314000F0322 /* YXMineViewController.xib */; };
		A64BADAD20DA3388000F0322 /* BaseNavigationController.swift in Sources */ = {isa = PBXBuildFile; fileRef = A64BADAC20DA3388000F0322 /* BaseNavigationController.swift */; };
		A667339520DA63CC00B814A9 /* YXCitizenInVCViewController.swift in Sources */ = {isa = PBXBuildFile; fileRef = A667339320DA63CC00B814A9 /* YXCitizenInVCViewController.swift */; };
		A667339620DA63CC00B814A9 /* YXCitizenInVCViewController.xib in Resources */ = {isa = PBXBuildFile; fileRef = A667339420DA63CC00B814A9 /* YXCitizenInVCViewController.xib */; };
		A6E2545620D9DCBD00297D70 /* UIButton+Extension.swift in Sources */ = {isa = PBXBuildFile; fileRef = A6E2545520D9DCBD00297D70 /* UIButton+Extension.swift */; };
		A6E2545820D9F56200297D70 /* MyControl.swift in Sources */ = {isa = PBXBuildFile; fileRef = A6E2545720D9F56200297D70 /* MyControl.swift */; };
		A6E2545A20D9FB7700297D70 /* UIFont+Extension.swift in Sources */ = {isa = PBXBuildFile; fileRef = A6E2545920D9FB7700297D70 /* UIFont+Extension.swift */; };
		A6E2547620D9FCC900297D70 /* tower_run.mp4 in Resources */ = {isa = PBXBuildFile; fileRef = A6E2545D20D9FCC900297D70 /* tower_run.mp4 */; };
		A6E2547720D9FCC900297D70 /* tower_bomb.mp4 in Resources */ = {isa = PBXBuildFile; fileRef = A6E2545E20D9FCC900297D70 /* tower_bomb.mp4 */; };
		A6E2547820D9FCC900297D70 /* tower_notrun.mp4 in Resources */ = {isa = PBXBuildFile; fileRef = A6E2545F20D9FCC900297D70 /* tower_notrun.mp4 */; };
		A6E2547920D9FCC900297D70 /* tower_willrun_01.mp4 in Resources */ = {isa = PBXBuildFile; fileRef = A6E2546020D9FCC900297D70 /* tower_willrun_01.mp4 */; };
		A6E2547A20D9FCC900297D70 /* tower_willrun_02.mp4 in Resources */ = {isa = PBXBuildFile; fileRef = A6E2546120D9FCC900297D70 /* tower_willrun_02.mp4 */; };
		A6E2547B20D9FCC900297D70 /* tower_prize.mp4 in Resources */ = {isa = PBXBuildFile; fileRef = A6E2546220D9FCC900297D70 /* tower_prize.mp4 */; };
		A6E2547C20D9FCC900297D70 /* DataPropertyList.plist in Resources */ = {isa = PBXBuildFile; fileRef = A6E2546320D9FCC900297D70 /* DataPropertyList.plist */; };
		A6E2547D20D9FCC900297D70 /* launchvideo.mp4 in Resources */ = {isa = PBXBuildFile; fileRef = A6E2546420D9FCC900297D70 /* launchvideo.mp4 */; };
		A6E2547E20D9FCC900297D70 /* SensitiveWord_resource.txt in Resources */ = {isa = PBXBuildFile; fileRef = A6E2546520D9FCC900297D70 /* SensitiveWord_resource.txt */; };
		A6E2547F20D9FCC900297D70 /* animationCircleData.json in Resources */ = {isa = PBXBuildFile; fileRef = A6E2546720D9FCC900297D70 /* animationCircleData.json */; };
		A6E2548020D9FCC900297D70 /* img_1.png in Resources */ = {isa = PBXBuildFile; fileRef = A6E2546920D9FCC900297D70 /* img_1.png */; };
		A6E2548120D9FCC900297D70 /* img_0.png in Resources */ = {isa = PBXBuildFile; fileRef = A6E2546A20D9FCC900297D70 /* img_0.png */; };
		A6E2548220D9FCC900297D70 /* img_2.png in Resources */ = {isa = PBXBuildFile; fileRef = A6E2546B20D9FCC900297D70 /* img_2.png */; };
		A6E2548320D9FCC900297D70 /* img_3.png in Resources */ = {isa = PBXBuildFile; fileRef = A6E2546C20D9FCC900297D70 /* img_3.png */; };
		A6E2548420D9FCC900297D70 /* countDown.json in Resources */ = {isa = PBXBuildFile; fileRef = A6E2546D20D9FCC900297D70 /* countDown.json */; };
		A6E2548520D9FCC900297D70 /* data.json in Resources */ = {isa = PBXBuildFile; fileRef = A6E2546E20D9FCC900297D70 /* data.json */; };
		A6E2548620D9FCC900297D70 /* capsuleData.json in Resources */ = {isa = PBXBuildFile; fileRef = A6E2546F20D9FCC900297D70 /* capsuleData.json */; };
		A6E2548720D9FCC900297D70 /* energy_ball_icon.gif in Resources */ = {isa = PBXBuildFile; fileRef = A6E2547020D9FCC900297D70 /* energy_ball_icon.gif */; };
		A6E2548820D9FCC900297D70 /* FZLTZCHJW--GB1-0.TTF in Resources */ = {isa = PBXBuildFile; fileRef = A6E2547220D9FCC900297D70 /* FZLTZCHJW--GB1-0.TTF */; };
		A6E2548920D9FCC900297D70 /* FZLTZCHJW_GBK_0.TTF in Resources */ = {isa = PBXBuildFile; fileRef = A6E2547320D9FCC900297D70 /* FZLTZCHJW_GBK_0.TTF */; };
		A6E2548A20D9FCC900297D70 /* DINPro-CondBold.otf in Resources */ = {isa = PBXBuildFile; fileRef = A6E2547420D9FCC900297D70 /* DINPro-CondBold.otf */; };
		A6E2548B20D9FCC900297D70 /* vc.cer in Resources */ = {isa = PBXBuildFile; fileRef = A6E2547520D9FCC900297D70 /* vc.cer */; };
		A6F810C720D2597200C66B19 /* BaseViewController.swift in Sources */ = {isa = PBXBuildFile; fileRef = A6F810C620D2597200C66B19 /* BaseViewController.swift */; };
		A6F810CD20D277F100C66B19 /* UIColor+Extension.swift in Sources */ = {isa = PBXBuildFile; fileRef = A6F810CC20D277F100C66B19 /* UIColor+Extension.swift */; };
		A6F810CF20D38D8D00C66B19 /* BaseDetailViewController.swift in Sources */ = {isa = PBXBuildFile; fileRef = A6F810CE20D38D8D00C66B19 /* BaseDetailViewController.swift */; };
		A6F810D320D39E4C00C66B19 /* Theme.swift in Sources */ = {isa = PBXBuildFile; fileRef = A6F810D220D39E4C00C66B19 /* Theme.swift */; };
		A6F810D520D3B6B100C66B19 /* UIView+Extension.swift in Sources */ = {isa = PBXBuildFile; fileRef = A6F810D420D3B6B100C66B19 /* UIView+Extension.swift */; };
		B39BF222DC7724D467200F65 /* Pods_SwiftDemo.framework in Frameworks */ = {isa = PBXBuildFile; fileRef = 2FF8162CA99FE5B5FC7DD6F6 /* Pods_SwiftDemo.framework */; };
/* End PBXBuildFile section */

/* Begin PBXContainerItemProxy section */
		A641AEB220D20F3B00717355 /* PBXContainerItemProxy */ = {
			isa = PBXContainerItemProxy;
			containerPortal = A641AE9520D20F3B00717355 /* Project object */;
			proxyType = 1;
			remoteGlobalIDString = A641AE9C20D20F3B00717355;
			remoteInfo = SwiftDemo;
		};
		A641AEBD20D20F3B00717355 /* PBXContainerItemProxy */ = {
			isa = PBXContainerItemProxy;
			containerPortal = A641AE9520D20F3B00717355 /* Project object */;
			proxyType = 1;
			remoteGlobalIDString = A641AE9C20D20F3B00717355;
			remoteInfo = SwiftDemo;
		};
/* End PBXContainerItemProxy section */

/* Begin PBXFileReference section */
		2FF8162CA99FE5B5FC7DD6F6 /* Pods_SwiftDemo.framework */ = {isa = PBXFileReference; explicitFileType = wrapper.framework; includeInIndex = 0; path = Pods_SwiftDemo.framework; sourceTree = BUILT_PRODUCTS_DIR; };
		A641AE9D20D20F3B00717355 /* SwiftDemo.app */ = {isa = PBXFileReference; explicitFileType = wrapper.application; includeInIndex = 0; path = SwiftDemo.app; sourceTree = BUILT_PRODUCTS_DIR; };
		A641AEA020D20F3B00717355 /* AppDelegate.swift */ = {isa = PBXFileReference; lastKnownFileType = sourcecode.swift; path = AppDelegate.swift; sourceTree = "<group>"; };
		A641AEA720D20F3B00717355 /* Assets.xcassets */ = {isa = PBXFileReference; lastKnownFileType = folder.assetcatalog; path = Assets.xcassets; sourceTree = "<group>"; };
		A641AEAA20D20F3B00717355 /* Base */ = {isa = PBXFileReference; lastKnownFileType = file.storyboard; name = Base; path = Base.lproj/LaunchScreen.storyboard; sourceTree = "<group>"; };
		A641AEAC20D20F3B00717355 /* Info.plist */ = {isa = PBXFileReference; lastKnownFileType = text.plist.xml; path = Info.plist; sourceTree = "<group>"; };
		A641AEB120D20F3B00717355 /* SwiftDemoTests.xctest */ = {isa = PBXFileReference; explicitFileType = wrapper.cfbundle; includeInIndex = 0; path = SwiftDemoTests.xctest; sourceTree = BUILT_PRODUCTS_DIR; };
		A641AEB520D20F3B00717355 /* SwiftDemoTests.swift */ = {isa = PBXFileReference; lastKnownFileType = sourcecode.swift; path = SwiftDemoTests.swift; sourceTree = "<group>"; };
		A641AEB720D20F3B00717355 /* Info.plist */ = {isa = PBXFileReference; lastKnownFileType = text.plist.xml; path = Info.plist; sourceTree = "<group>"; };
		A641AEBC20D20F3B00717355 /* SwiftDemoUITests.xctest */ = {isa = PBXFileReference; explicitFileType = wrapper.cfbundle; includeInIndex = 0; path = SwiftDemoUITests.xctest; sourceTree = BUILT_PRODUCTS_DIR; };
		A641AEC020D20F3B00717355 /* SwiftDemoUITests.swift */ = {isa = PBXFileReference; lastKnownFileType = sourcecode.swift; path = SwiftDemoUITests.swift; sourceTree = "<group>"; };
		A641AEC220D20F3B00717355 /* Info.plist */ = {isa = PBXFileReference; lastKnownFileType = text.plist.xml; path = Info.plist; sourceTree = "<group>"; };
		A64BAD7920DA2E1A000F0322 /* CYLPlusButton.h */ = {isa = PBXFileReference; fileEncoding = 4; lastKnownFileType = sourcecode.c.h; path = CYLPlusButton.h; sourceTree = "<group>"; };
		A64BAD7A20DA2E1A000F0322 /* CYLTabBar.h */ = {isa = PBXFileReference; fileEncoding = 4; lastKnownFileType = sourcecode.c.h; path = CYLTabBar.h; sourceTree = "<group>"; };
		A64BAD7B20DA2E1A000F0322 /* UIView+CYLTabBarControllerExtention.m */ = {isa = PBXFileReference; fileEncoding = 4; lastKnownFileType = sourcecode.c.objc; path = "UIView+CYLTabBarControllerExtention.m"; sourceTree = "<group>"; };
		A64BAD7C20DA2E1A000F0322 /* CYLConstants.h */ = {isa = PBXFileReference; fileEncoding = 4; lastKnownFileType = sourcecode.c.h; path = CYLConstants.h; sourceTree = "<group>"; };
		A64BAD7D20DA2E1A000F0322 /* CYLTabBarController.m */ = {isa = PBXFileReference; fileEncoding = 4; lastKnownFileType = sourcecode.c.objc; path = CYLTabBarController.m; sourceTree = "<group>"; };
		A64BAD7E20DA2E1A000F0322 /* UIViewController+CYLTabBarControllerExtention.h */ = {isa = PBXFileReference; fileEncoding = 4; lastKnownFileType = sourcecode.c.h; path = "UIViewController+CYLTabBarControllerExtention.h"; sourceTree = "<group>"; };
		A64BAD7F20DA2E1A000F0322 /* CYLTabBar.m */ = {isa = PBXFileReference; fileEncoding = 4; lastKnownFileType = sourcecode.c.objc; path = CYLTabBar.m; sourceTree = "<group>"; };
		A64BAD8020DA2E1A000F0322 /* CYLPlusButton.m */ = {isa = PBXFileReference; fileEncoding = 4; lastKnownFileType = sourcecode.c.objc; path = CYLPlusButton.m; sourceTree = "<group>"; };
		A64BAD8120DA2E1A000F0322 /* UIView+CYLTabBarControllerExtention.h */ = {isa = PBXFileReference; fileEncoding = 4; lastKnownFileType = sourcecode.c.h; path = "UIView+CYLTabBarControllerExtention.h"; sourceTree = "<group>"; };
		A64BAD8220DA2E1A000F0322 /* UIViewController+CYLTabBarControllerExtention.m */ = {isa = PBXFileReference; fileEncoding = 4; lastKnownFileType = sourcecode.c.objc; path = "UIViewController+CYLTabBarControllerExtention.m"; sourceTree = "<group>"; };
		A64BAD8320DA2E1A000F0322 /* CYLTabBarController.h */ = {isa = PBXFileReference; fileEncoding = 4; lastKnownFileType = sourcecode.c.h; path = CYLTabBarController.h; sourceTree = "<group>"; };
		A64BAD8920DA2E82000F0322 /* MainViewControllerConfig.swift */ = {isa = PBXFileReference; lastKnownFileType = sourcecode.swift; path = MainViewControllerConfig.swift; sourceTree = "<group>"; };
		A64BAD8B20DA3002000F0322 /* SwiftDemo-Bridging-Header.h */ = {isa = PBXFileReference; lastKnownFileType = sourcecode.c.h; path = "SwiftDemo-Bridging-Header.h"; sourceTree = "<group>"; };
		A64BAD9C20DA32D5000F0322 /* YXHomeViewController.swift */ = {isa = PBXFileReference; lastKnownFileType = sourcecode.swift; path = YXHomeViewController.swift; sourceTree = "<group>"; };
		A64BADA020DA32F0000F0322 /* YXDiscoverViewController.swift */ = {isa = PBXFileReference; lastKnownFileType = sourcecode.swift; path = YXDiscoverViewController.swift; sourceTree = "<group>"; };
		A64BADA120DA32F0000F0322 /* YXDiscoverViewController.xib */ = {isa = PBXFileReference; lastKnownFileType = file.xib; path = YXDiscoverViewController.xib; sourceTree = "<group>"; };
		A64BADA420DA3306000F0322 /* YXRankIndexViewController.swift */ = {isa = PBXFileReference; lastKnownFileType = sourcecode.swift; path = YXRankIndexViewController.swift; sourceTree = "<group>"; };
		A64BADA520DA3306000F0322 /* YXRankIndexViewController.xib */ = {isa = PBXFileReference; lastKnownFileType = file.xib; path = YXRankIndexViewController.xib; sourceTree = "<group>"; };
		A64BADA820DA3314000F0322 /* YXMineViewController.swift */ = {isa = PBXFileReference; lastKnownFileType = sourcecode.swift; path = YXMineViewController.swift; sourceTree = "<group>"; };
		A64BADA920DA3314000F0322 /* YXMineViewController.xib */ = {isa = PBXFileReference; lastKnownFileType = file.xib; path = YXMineViewController.xib; sourceTree = "<group>"; };
		A64BADAC20DA3388000F0322 /* BaseNavigationController.swift */ = {isa = PBXFileReference; lastKnownFileType = sourcecode.swift; path = BaseNavigationController.swift; sourceTree = "<group>"; };
		A667339320DA63CC00B814A9 /* YXCitizenInVCViewController.swift */ = {isa = PBXFileReference; lastKnownFileType = sourcecode.swift; path = YXCitizenInVCViewController.swift; sourceTree = "<group>"; };
		A667339420DA63CC00B814A9 /* YXCitizenInVCViewController.xib */ = {isa = PBXFileReference; lastKnownFileType = file.xib; path = YXCitizenInVCViewController.xib; sourceTree = "<group>"; };
		A6E2545520D9DCBD00297D70 /* UIButton+Extension.swift */ = {isa = PBXFileReference; lastKnownFileType = sourcecode.swift; path = "UIButton+Extension.swift"; sourceTree = "<group>"; };
		A6E2545720D9F56200297D70 /* MyControl.swift */ = {isa = PBXFileReference; lastKnownFileType = sourcecode.swift; path = MyControl.swift; sourceTree = "<group>"; };
		A6E2545920D9FB7700297D70 /* UIFont+Extension.swift */ = {isa = PBXFileReference; lastKnownFileType = sourcecode.swift; path = "UIFont+Extension.swift"; sourceTree = "<group>"; };
		A6E2545D20D9FCC900297D70 /* tower_run.mp4 */ = {isa = PBXFileReference; lastKnownFileType = file; path = tower_run.mp4; sourceTree = "<group>"; };
		A6E2545E20D9FCC900297D70 /* tower_bomb.mp4 */ = {isa = PBXFileReference; lastKnownFileType = file; path = tower_bomb.mp4; sourceTree = "<group>"; };
		A6E2545F20D9FCC900297D70 /* tower_notrun.mp4 */ = {isa = PBXFileReference; lastKnownFileType = file; path = tower_notrun.mp4; sourceTree = "<group>"; };
		A6E2546020D9FCC900297D70 /* tower_willrun_01.mp4 */ = {isa = PBXFileReference; lastKnownFileType = file; path = tower_willrun_01.mp4; sourceTree = "<group>"; };
		A6E2546120D9FCC900297D70 /* tower_willrun_02.mp4 */ = {isa = PBXFileReference; lastKnownFileType = file; path = tower_willrun_02.mp4; sourceTree = "<group>"; };
		A6E2546220D9FCC900297D70 /* tower_prize.mp4 */ = {isa = PBXFileReference; lastKnownFileType = file; path = tower_prize.mp4; sourceTree = "<group>"; };
		A6E2546320D9FCC900297D70 /* DataPropertyList.plist */ = {isa = PBXFileReference; fileEncoding = 4; lastKnownFileType = text.plist.xml; path = DataPropertyList.plist; sourceTree = "<group>"; };
		A6E2546420D9FCC900297D70 /* launchvideo.mp4 */ = {isa = PBXFileReference; lastKnownFileType = file; path = launchvideo.mp4; sourceTree = "<group>"; };
		A6E2546520D9FCC900297D70 /* SensitiveWord_resource.txt */ = {isa = PBXFileReference; fileEncoding = 4; lastKnownFileType = text; path = SensitiveWord_resource.txt; sourceTree = "<group>"; };
		A6E2546720D9FCC900297D70 /* animationCircleData.json */ = {isa = PBXFileReference; fileEncoding = 4; lastKnownFileType = text.json; path = animationCircleData.json; sourceTree = "<group>"; };
		A6E2546920D9FCC900297D70 /* img_1.png */ = {isa = PBXFileReference; lastKnownFileType = image.png; path = img_1.png; sourceTree = "<group>"; };
		A6E2546A20D9FCC900297D70 /* img_0.png */ = {isa = PBXFileReference; lastKnownFileType = image.png; path = img_0.png; sourceTree = "<group>"; };
		A6E2546B20D9FCC900297D70 /* img_2.png */ = {isa = PBXFileReference; lastKnownFileType = image.png; path = img_2.png; sourceTree = "<group>"; };
		A6E2546C20D9FCC900297D70 /* img_3.png */ = {isa = PBXFileReference; lastKnownFileType = image.png; path = img_3.png; sourceTree = "<group>"; };
		A6E2546D20D9FCC900297D70 /* countDown.json */ = {isa = PBXFileReference; fileEncoding = 4; lastKnownFileType = text.json; path = countDown.json; sourceTree = "<group>"; };
		A6E2546E20D9FCC900297D70 /* data.json */ = {isa = PBXFileReference; fileEncoding = 4; lastKnownFileType = text.json; path = data.json; sourceTree = "<group>"; };
		A6E2546F20D9FCC900297D70 /* capsuleData.json */ = {isa = PBXFileReference; fileEncoding = 4; lastKnownFileType = text.json; path = capsuleData.json; sourceTree = "<group>"; };
		A6E2547020D9FCC900297D70 /* energy_ball_icon.gif */ = {isa = PBXFileReference; lastKnownFileType = image.gif; path = energy_ball_icon.gif; sourceTree = "<group>"; };
		A6E2547220D9FCC900297D70 /* FZLTZCHJW--GB1-0.TTF */ = {isa = PBXFileReference; lastKnownFileType = file; path = "FZLTZCHJW--GB1-0.TTF"; sourceTree = "<group>"; };
		A6E2547320D9FCC900297D70 /* FZLTZCHJW_GBK_0.TTF */ = {isa = PBXFileReference; lastKnownFileType = file; path = FZLTZCHJW_GBK_0.TTF; sourceTree = "<group>"; };
		A6E2547420D9FCC900297D70 /* DINPro-CondBold.otf */ = {isa = PBXFileReference; lastKnownFileType = file; path = "DINPro-CondBold.otf"; sourceTree = "<group>"; };
		A6E2547520D9FCC900297D70 /* vc.cer */ = {isa = PBXFileReference; lastKnownFileType = file; path = vc.cer; sourceTree = "<group>"; };
		A6F810C620D2597200C66B19 /* BaseViewController.swift */ = {isa = PBXFileReference; lastKnownFileType = sourcecode.swift; path = BaseViewController.swift; sourceTree = "<group>"; };
		A6F810CC20D277F100C66B19 /* UIColor+Extension.swift */ = {isa = PBXFileReference; lastKnownFileType = sourcecode.swift; path = "UIColor+Extension.swift"; sourceTree = "<group>"; };
		A6F810CE20D38D8D00C66B19 /* BaseDetailViewController.swift */ = {isa = PBXFileReference; lastKnownFileType = sourcecode.swift; path = BaseDetailViewController.swift; sourceTree = "<group>"; };
		A6F810D220D39E4C00C66B19 /* Theme.swift */ = {isa = PBXFileReference; lastKnownFileType = sourcecode.swift; path = Theme.swift; sourceTree = "<group>"; };
		A6F810D420D3B6B100C66B19 /* UIView+Extension.swift */ = {isa = PBXFileReference; lastKnownFileType = sourcecode.swift; path = "UIView+Extension.swift"; sourceTree = "<group>"; };
		D902CDA28860F68107560AC1 /* Pods-SwiftDemo.debug.xcconfig */ = {isa = PBXFileReference; includeInIndex = 1; lastKnownFileType = text.xcconfig; name = "Pods-SwiftDemo.debug.xcconfig"; path = "Pods/Target Support Files/Pods-SwiftDemo/Pods-SwiftDemo.debug.xcconfig"; sourceTree = "<group>"; };
		F470FA7E1A2FDED2F3FE792F /* Pods-SwiftDemo.release.xcconfig */ = {isa = PBXFileReference; includeInIndex = 1; lastKnownFileType = text.xcconfig; name = "Pods-SwiftDemo.release.xcconfig"; path = "Pods/Target Support Files/Pods-SwiftDemo/Pods-SwiftDemo.release.xcconfig"; sourceTree = "<group>"; };
/* End PBXFileReference section */

/* Begin PBXFrameworksBuildPhase section */
		A641AE9A20D20F3B00717355 /* Frameworks */ = {
			isa = PBXFrameworksBuildPhase;
			buildActionMask = 2147483647;
			files = (
				B39BF222DC7724D467200F65 /* Pods_SwiftDemo.framework in Frameworks */,
			);
			runOnlyForDeploymentPostprocessing = 0;
		};
		A641AEAE20D20F3B00717355 /* Frameworks */ = {
			isa = PBXFrameworksBuildPhase;
			buildActionMask = 2147483647;
			files = (
			);
			runOnlyForDeploymentPostprocessing = 0;
		};
		A641AEB920D20F3B00717355 /* Frameworks */ = {
			isa = PBXFrameworksBuildPhase;
			buildActionMask = 2147483647;
			files = (
			);
			runOnlyForDeploymentPostprocessing = 0;
		};
/* End PBXFrameworksBuildPhase section */

/* Begin PBXGroup section */
		77638B6BED94B7D138ADCE4F /* Frameworks */ = {
			isa = PBXGroup;
			children = (
				2FF8162CA99FE5B5FC7DD6F6 /* Pods_SwiftDemo.framework */,
			);
			name = Frameworks;
			sourceTree = "<group>";
		};
		A641AE9420D20F3B00717355 = {
			isa = PBXGroup;
			children = (
				A641AE9F20D20F3B00717355 /* SwiftDemo */,
				A641AEB420D20F3B00717355 /* SwiftDemoTests */,
				A641AEBF20D20F3B00717355 /* SwiftDemoUITests */,
				A641AE9E20D20F3B00717355 /* Products */,
				D57B0C677DED917D515FBF20 /* Pods */,
				77638B6BED94B7D138ADCE4F /* Frameworks */,
			);
			sourceTree = "<group>";
		};
		A641AE9E20D20F3B00717355 /* Products */ = {
			isa = PBXGroup;
			children = (
				A641AE9D20D20F3B00717355 /* SwiftDemo.app */,
				A641AEB120D20F3B00717355 /* SwiftDemoTests.xctest */,
				A641AEBC20D20F3B00717355 /* SwiftDemoUITests.xctest */,
			);
			name = Products;
			sourceTree = "<group>";
		};
		A641AE9F20D20F3B00717355 /* SwiftDemo */ = {
			isa = PBXGroup;
			children = (
				A6F810D120D39E1E00C66B19 /* Class */,
				A6F810CB20D277C200C66B19 /* Extension */,
				A6F810C520D2596300C66B19 /* Main */,
				A6F810D020D39E1E00C66B19 /* Other */,
				A6E2545B20D9FCC900297D70 /* Resources */,
				A64BAD6B20DA2DDA000F0322 /* Lib */,
				A641AEA020D20F3B00717355 /* AppDelegate.swift */,
				A641AEA720D20F3B00717355 /* Assets.xcassets */,
				A641AEA920D20F3B00717355 /* LaunchScreen.storyboard */,
				A641AEAC20D20F3B00717355 /* Info.plist */,
			);
			path = SwiftDemo;
			sourceTree = "<group>";
		};
		A641AEB420D20F3B00717355 /* SwiftDemoTests */ = {
			isa = PBXGroup;
			children = (
				A641AEB520D20F3B00717355 /* SwiftDemoTests.swift */,
				A641AEB720D20F3B00717355 /* Info.plist */,
			);
			path = SwiftDemoTests;
			sourceTree = "<group>";
		};
		A641AEBF20D20F3B00717355 /* SwiftDemoUITests */ = {
			isa = PBXGroup;
			children = (
				A641AEC020D20F3B00717355 /* SwiftDemoUITests.swift */,
				A641AEC220D20F3B00717355 /* Info.plist */,
			);
			path = SwiftDemoUITests;
			sourceTree = "<group>";
		};
		A64BAD6B20DA2DDA000F0322 /* Lib */ = {
			isa = PBXGroup;
			children = (
				A64BAD7820DA2E1A000F0322 /* CYLTabBarController */,
			);
			path = Lib;
			sourceTree = "<group>";
		};
		A64BAD7820DA2E1A000F0322 /* CYLTabBarController */ = {
			isa = PBXGroup;
			children = (
				A64BAD7C20DA2E1A000F0322 /* CYLConstants.h */,
				A64BAD7920DA2E1A000F0322 /* CYLPlusButton.h */,
				A64BAD8020DA2E1A000F0322 /* CYLPlusButton.m */,
				A64BAD7A20DA2E1A000F0322 /* CYLTabBar.h */,
				A64BAD7F20DA2E1A000F0322 /* CYLTabBar.m */,
				A64BAD8120DA2E1A000F0322 /* UIView+CYLTabBarControllerExtention.h */,
				A64BAD7B20DA2E1A000F0322 /* UIView+CYLTabBarControllerExtention.m */,
				A64BAD7E20DA2E1A000F0322 /* UIViewController+CYLTabBarControllerExtention.h */,
				A64BAD8220DA2E1A000F0322 /* UIViewController+CYLTabBarControllerExtention.m */,
				A64BAD8320DA2E1A000F0322 /* CYLTabBarController.h */,
				A64BAD7D20DA2E1A000F0322 /* CYLTabBarController.m */,
			);
			path = CYLTabBarController;
			sourceTree = "<group>";
		};
		A64BAD8C20DA3140000F0322 /* Rank */ = {
			isa = PBXGroup;
			children = (
				A64BAD8D20DA3140000F0322 /* Controller */,
				A64BAD8E20DA3140000F0322 /* Model */,
				A64BAD8F20DA3140000F0322 /* View */,
			);
			path = Rank;
			sourceTree = "<group>";
		};
		A64BAD8D20DA3140000F0322 /* Controller */ = {
			isa = PBXGroup;
			children = (
				A64BADA420DA3306000F0322 /* YXRankIndexViewController.swift */,
				A64BADA520DA3306000F0322 /* YXRankIndexViewController.xib */,
			);
			path = Controller;
			sourceTree = "<group>";
		};
		A64BAD8E20DA3140000F0322 /* Model */ = {
			isa = PBXGroup;
			children = (
			);
			path = Model;
			sourceTree = "<group>";
		};
		A64BAD8F20DA3140000F0322 /* View */ = {
			isa = PBXGroup;
			children = (
			);
			path = View;
			sourceTree = "<group>";
		};
		A64BAD9020DA3140000F0322 /* Discover */ = {
			isa = PBXGroup;
			children = (
				A64BAD9120DA3140000F0322 /* Controller */,
				A64BAD9220DA3140000F0322 /* Model */,
				A64BAD9320DA3140000F0322 /* View */,
			);
			path = Discover;
			sourceTree = "<group>";
		};
		A64BAD9120DA3140000F0322 /* Controller */ = {
			isa = PBXGroup;
			children = (
				A64BADA020DA32F0000F0322 /* YXDiscoverViewController.swift */,
				A64BADA120DA32F0000F0322 /* YXDiscoverViewController.xib */,
			);
			path = Controller;
			sourceTree = "<group>";
		};
		A64BAD9220DA3140000F0322 /* Model */ = {
			isa = PBXGroup;
			children = (
			);
			path = Model;
			sourceTree = "<group>";
		};
		A64BAD9320DA3140000F0322 /* View */ = {
			isa = PBXGroup;
			children = (
			);
			path = View;
			sourceTree = "<group>";
		};
		A64BAD9420DA3140000F0322 /* Home */ = {
			isa = PBXGroup;
			children = (
				A64BAD9520DA3140000F0322 /* Controller */,
				A64BAD9620DA3140000F0322 /* Model */,
				A64BAD9720DA3140000F0322 /* View */,
			);
			path = Home;
			sourceTree = "<group>";
		};
		A64BAD9520DA3140000F0322 /* Controller */ = {
			isa = PBXGroup;
			children = (
				A64BAD9C20DA32D5000F0322 /* YXHomeViewController.swift */,
				A667338F20DA638E00B814A9 /* InVC */,
			);
			path = Controller;
			sourceTree = "<group>";
		};
		A64BAD9620DA3140000F0322 /* Model */ = {
			isa = PBXGroup;
			children = (
			);
			path = Model;
			sourceTree = "<group>";
		};
		A64BAD9720DA3140000F0322 /* View */ = {
			isa = PBXGroup;
			children = (
			);
			path = View;
			sourceTree = "<group>";
		};
		A64BAD9820DA3140000F0322 /* Mine */ = {
			isa = PBXGroup;
			children = (
				A64BAD9920DA3140000F0322 /* Controller */,
				A64BAD9A20DA3140000F0322 /* Model */,
				A64BAD9B20DA3140000F0322 /* View */,
			);
			path = Mine;
			sourceTree = "<group>";
		};
		A64BAD9920DA3140000F0322 /* Controller */ = {
			isa = PBXGroup;
			children = (
				A64BADA820DA3314000F0322 /* YXMineViewController.swift */,
				A64BADA920DA3314000F0322 /* YXMineViewController.xib */,
			);
			path = Controller;
			sourceTree = "<group>";
		};
		A64BAD9A20DA3140000F0322 /* Model */ = {
			isa = PBXGroup;
			children = (
			);
			path = Model;
			sourceTree = "<group>";
		};
		A64BAD9B20DA3140000F0322 /* View */ = {
			isa = PBXGroup;
			children = (
			);
			path = View;
			sourceTree = "<group>";
		};
		A667338F20DA638E00B814A9 /* InVC */ = {
			isa = PBXGroup;
			children = (
				A667339020DA638E00B814A9 /* Controller */,
				A667339120DA638E00B814A9 /* Model */,
				A667339220DA638E00B814A9 /* View */,
			);
			path = InVC;
			sourceTree = "<group>";
		};
		A667339020DA638E00B814A9 /* Controller */ = {
			isa = PBXGroup;
			children = (
				A667339320DA63CC00B814A9 /* YXCitizenInVCViewController.swift */,
				A667339420DA63CC00B814A9 /* YXCitizenInVCViewController.xib */,
			);
			path = Controller;
			sourceTree = "<group>";
		};
		A667339120DA638E00B814A9 /* Model */ = {
			isa = PBXGroup;
			children = (
			);
			path = Model;
			sourceTree = "<group>";
		};
		A667339220DA638E00B814A9 /* View */ = {
			isa = PBXGroup;
			children = (
			);
			path = View;
			sourceTree = "<group>";
		};
		A6E2545B20D9FCC900297D70 /* Resources */ = {
			isa = PBXGroup;
			children = (
				A6E2545C20D9FCC900297D70 /* towerVideo */,
				A6E2546320D9FCC900297D70 /* DataPropertyList.plist */,
				A6E2546420D9FCC900297D70 /* launchvideo.mp4 */,
				A6E2546520D9FCC900297D70 /* SensitiveWord_resource.txt */,
				A6E2546620D9FCC900297D70 /* LottieJson */,
				A6E2547020D9FCC900297D70 /* energy_ball_icon.gif */,
				A6E2547120D9FCC900297D70 /* Font */,
				A6E2547520D9FCC900297D70 /* vc.cer */,
			);
			path = Resources;
			sourceTree = "<group>";
		};
		A6E2545C20D9FCC900297D70 /* towerVideo */ = {
			isa = PBXGroup;
			children = (
				A6E2545D20D9FCC900297D70 /* tower_run.mp4 */,
				A6E2545E20D9FCC900297D70 /* tower_bomb.mp4 */,
				A6E2545F20D9FCC900297D70 /* tower_notrun.mp4 */,
				A6E2546020D9FCC900297D70 /* tower_willrun_01.mp4 */,
				A6E2546120D9FCC900297D70 /* tower_willrun_02.mp4 */,
				A6E2546220D9FCC900297D70 /* tower_prize.mp4 */,
			);
			path = towerVideo;
			sourceTree = "<group>";
		};
		A6E2546620D9FCC900297D70 /* LottieJson */ = {
			isa = PBXGroup;
			children = (
				A6E2546720D9FCC900297D70 /* animationCircleData.json */,
				A6E2546820D9FCC900297D70 /* images */,
				A6E2546D20D9FCC900297D70 /* countDown.json */,
				A6E2546E20D9FCC900297D70 /* data.json */,
				A6E2546F20D9FCC900297D70 /* capsuleData.json */,
			);
			path = LottieJson;
			sourceTree = "<group>";
		};
		A6E2546820D9FCC900297D70 /* images */ = {
			isa = PBXGroup;
			children = (
				A6E2546920D9FCC900297D70 /* img_1.png */,
				A6E2546A20D9FCC900297D70 /* img_0.png */,
				A6E2546B20D9FCC900297D70 /* img_2.png */,
				A6E2546C20D9FCC900297D70 /* img_3.png */,
			);
			path = images;
			sourceTree = "<group>";
		};
		A6E2547120D9FCC900297D70 /* Font */ = {
			isa = PBXGroup;
			children = (
				A6E2547220D9FCC900297D70 /* FZLTZCHJW--GB1-0.TTF */,
				A6E2547320D9FCC900297D70 /* FZLTZCHJW_GBK_0.TTF */,
				A6E2547420D9FCC900297D70 /* DINPro-CondBold.otf */,
			);
			path = Font;
			sourceTree = "<group>";
		};
		A6F810C520D2596300C66B19 /* Main */ = {
			isa = PBXGroup;
			children = (
				A6F810C620D2597200C66B19 /* BaseViewController.swift */,
				A6F810CE20D38D8D00C66B19 /* BaseDetailViewController.swift */,
				A64BADAC20DA3388000F0322 /* BaseNavigationController.swift */,
				A64BAD8920DA2E82000F0322 /* MainViewControllerConfig.swift */,
			);
			path = Main;
			sourceTree = "<group>";
		};
		A6F810CB20D277C200C66B19 /* Extension */ = {
			isa = PBXGroup;
			children = (
				A6F810CC20D277F100C66B19 /* UIColor+Extension.swift */,
				A6F810D420D3B6B100C66B19 /* UIView+Extension.swift */,
				A6E2545520D9DCBD00297D70 /* UIButton+Extension.swift */,
				A6E2545920D9FB7700297D70 /* UIFont+Extension.swift */,
			);
			path = Extension;
			sourceTree = "<group>";
		};
		A6F810D020D39E1E00C66B19 /* Other */ = {
			isa = PBXGroup;
			children = (
				A6F810D220D39E4C00C66B19 /* Theme.swift */,
				A6E2545720D9F56200297D70 /* MyControl.swift */,
				A64BAD8B20DA3002000F0322 /* SwiftDemo-Bridging-Header.h */,
			);
			path = Other;
			sourceTree = "<group>";
		};
		A6F810D120D39E1E00C66B19 /* Class */ = {
			isa = PBXGroup;
			children = (
				A64BAD9420DA3140000F0322 /* Home */,
				A64BAD9020DA3140000F0322 /* Discover */,
				A64BAD8C20DA3140000F0322 /* Rank */,
				A64BAD9820DA3140000F0322 /* Mine */,
			);
			path = Class;
			sourceTree = "<group>";
		};
		D57B0C677DED917D515FBF20 /* Pods */ = {
			isa = PBXGroup;
			children = (
				D902CDA28860F68107560AC1 /* Pods-SwiftDemo.debug.xcconfig */,
				F470FA7E1A2FDED2F3FE792F /* Pods-SwiftDemo.release.xcconfig */,
			);
			name = Pods;
			sourceTree = "<group>";
		};
/* End PBXGroup section */

/* Begin PBXNativeTarget section */
		A641AE9C20D20F3B00717355 /* SwiftDemo */ = {
			isa = PBXNativeTarget;
			buildConfigurationList = A641AEC520D20F3B00717355 /* Build configuration list for PBXNativeTarget "SwiftDemo" */;
			buildPhases = (
				FE577EE15D71B5FCB6293524 /* [CP] Check Pods Manifest.lock */,
				A641AE9920D20F3B00717355 /* Sources */,
				A641AE9A20D20F3B00717355 /* Frameworks */,
				A641AE9B20D20F3B00717355 /* Resources */,
				A7F0C829BA69C32FD0EE1F68 /* [CP] Embed Pods Frameworks */,
				2891313F8B050D894FA3157E /* [CP] Copy Pods Resources */,
			);
			buildRules = (
			);
			dependencies = (
			);
			name = SwiftDemo;
			productName = SwiftDemo;
			productReference = A641AE9D20D20F3B00717355 /* SwiftDemo.app */;
			productType = "com.apple.product-type.application";
		};
		A641AEB020D20F3B00717355 /* SwiftDemoTests */ = {
			isa = PBXNativeTarget;
			buildConfigurationList = A641AEC820D20F3B00717355 /* Build configuration list for PBXNativeTarget "SwiftDemoTests" */;
			buildPhases = (
				A641AEAD20D20F3B00717355 /* Sources */,
				A641AEAE20D20F3B00717355 /* Frameworks */,
				A641AEAF20D20F3B00717355 /* Resources */,
			);
			buildRules = (
			);
			dependencies = (
				A641AEB320D20F3B00717355 /* PBXTargetDependency */,
			);
			name = SwiftDemoTests;
			productName = SwiftDemoTests;
			productReference = A641AEB120D20F3B00717355 /* SwiftDemoTests.xctest */;
			productType = "com.apple.product-type.bundle.unit-test";
		};
		A641AEBB20D20F3B00717355 /* SwiftDemoUITests */ = {
			isa = PBXNativeTarget;
			buildConfigurationList = A641AECB20D20F3B00717355 /* Build configuration list for PBXNativeTarget "SwiftDemoUITests" */;
			buildPhases = (
				A641AEB820D20F3B00717355 /* Sources */,
				A641AEB920D20F3B00717355 /* Frameworks */,
				A641AEBA20D20F3B00717355 /* Resources */,
			);
			buildRules = (
			);
			dependencies = (
				A641AEBE20D20F3B00717355 /* PBXTargetDependency */,
			);
			name = SwiftDemoUITests;
			productName = SwiftDemoUITests;
			productReference = A641AEBC20D20F3B00717355 /* SwiftDemoUITests.xctest */;
			productType = "com.apple.product-type.bundle.ui-testing";
		};
/* End PBXNativeTarget section */

/* Begin PBXProject section */
		A641AE9520D20F3B00717355 /* Project object */ = {
			isa = PBXProject;
			attributes = {
				LastSwiftUpdateCheck = 0900;
				LastUpgradeCheck = 0900;
				ORGANIZATIONNAME = Tao_Lee;
				TargetAttributes = {
					A641AE9C20D20F3B00717355 = {
						CreatedOnToolsVersion = 9.0;
						ProvisioningStyle = Automatic;
					};
					A641AEB020D20F3B00717355 = {
						CreatedOnToolsVersion = 9.0;
						ProvisioningStyle = Automatic;
						TestTargetID = A641AE9C20D20F3B00717355;
					};
					A641AEBB20D20F3B00717355 = {
						CreatedOnToolsVersion = 9.0;
						ProvisioningStyle = Automatic;
						TestTargetID = A641AE9C20D20F3B00717355;
					};
				};
			};
			buildConfigurationList = A641AE9820D20F3B00717355 /* Build configuration list for PBXProject "SwiftDemo" */;
			compatibilityVersion = "Xcode 8.0";
			developmentRegion = en;
			hasScannedForEncodings = 0;
			knownRegions = (
				en,
				Base,
			);
			mainGroup = A641AE9420D20F3B00717355;
			productRefGroup = A641AE9E20D20F3B00717355 /* Products */;
			projectDirPath = "";
			projectRoot = "";
			targets = (
				A641AE9C20D20F3B00717355 /* SwiftDemo */,
				A641AEB020D20F3B00717355 /* SwiftDemoTests */,
				A641AEBB20D20F3B00717355 /* SwiftDemoUITests */,
			);
		};
/* End PBXProject section */

/* Begin PBXResourcesBuildPhase section */
		A641AE9B20D20F3B00717355 /* Resources */ = {
			isa = PBXResourcesBuildPhase;
			buildActionMask = 2147483647;
			files = (
				A6E2547B20D9FCC900297D70 /* tower_prize.mp4 in Resources */,
				A6E2547C20D9FCC900297D70 /* DataPropertyList.plist in Resources */,
				A6E2547D20D9FCC900297D70 /* launchvideo.mp4 in Resources */,
				A6E2548920D9FCC900297D70 /* FZLTZCHJW_GBK_0.TTF in Resources */,
				A6E2547620D9FCC900297D70 /* tower_run.mp4 in Resources */,
				A6E2548420D9FCC900297D70 /* countDown.json in Resources */,
				A64BADAB20DA3314000F0322 /* YXMineViewController.xib in Resources */,
				A6E2547F20D9FCC900297D70 /* animationCircleData.json in Resources */,
				A6E2548B20D9FCC900297D70 /* vc.cer in Resources */,
				A6E2548020D9FCC900297D70 /* img_1.png in Resources */,
				A6E2548520D9FCC900297D70 /* data.json in Resources */,
				A6E2548720D9FCC900297D70 /* energy_ball_icon.gif in Resources */,
				A64BADA720DA3306000F0322 /* YXRankIndexViewController.xib in Resources */,
				A6E2547E20D9FCC900297D70 /* SensitiveWord_resource.txt in Resources */,
				A6E2547820D9FCC900297D70 /* tower_notrun.mp4 in Resources */,
				A6E2547720D9FCC900297D70 /* tower_bomb.mp4 in Resources */,
				A641AEAB20D20F3B00717355 /* LaunchScreen.storyboard in Resources */,
				A6E2548620D9FCC900297D70 /* capsuleData.json in Resources */,
				A667339620DA63CC00B814A9 /* YXCitizenInVCViewController.xib in Resources */,
				A6E2548120D9FCC900297D70 /* img_0.png in Resources */,
				A6E2548320D9FCC900297D70 /* img_3.png in Resources */,
				A6E2548220D9FCC900297D70 /* img_2.png in Resources */,
				A64BADA320DA32F0000F0322 /* YXDiscoverViewController.xib in Resources */,
				A6E2548820D9FCC900297D70 /* FZLTZCHJW--GB1-0.TTF in Resources */,
				A6E2547A20D9FCC900297D70 /* tower_willrun_02.mp4 in Resources */,
				A6E2547920D9FCC900297D70 /* tower_willrun_01.mp4 in Resources */,
				A6E2548A20D9FCC900297D70 /* DINPro-CondBold.otf in Resources */,
				A641AEA820D20F3B00717355 /* Assets.xcassets in Resources */,
			);
			runOnlyForDeploymentPostprocessing = 0;
		};
		A641AEAF20D20F3B00717355 /* Resources */ = {
			isa = PBXResourcesBuildPhase;
			buildActionMask = 2147483647;
			files = (
			);
			runOnlyForDeploymentPostprocessing = 0;
		};
		A641AEBA20D20F3B00717355 /* Resources */ = {
			isa = PBXResourcesBuildPhase;
			buildActionMask = 2147483647;
			files = (
			);
			runOnlyForDeploymentPostprocessing = 0;
		};
/* End PBXResourcesBuildPhase section */

/* Begin PBXShellScriptBuildPhase section */
		2891313F8B050D894FA3157E /* [CP] Copy Pods Resources */ = {
			isa = PBXShellScriptBuildPhase;
			buildActionMask = 2147483647;
			files = (
			);
			inputPaths = (
			);
			name = "[CP] Copy Pods Resources";
			outputPaths = (
			);
			runOnlyForDeploymentPostprocessing = 0;
			shellPath = /bin/sh;
			shellScript = "\"${SRCROOT}/Pods/Target Support Files/Pods-SwiftDemo/Pods-SwiftDemo-resources.sh\"\n";
			showEnvVarsInLog = 0;
		};
		A7F0C829BA69C32FD0EE1F68 /* [CP] Embed Pods Frameworks */ = {
			isa = PBXShellScriptBuildPhase;
			buildActionMask = 2147483647;
			files = (
			);
			inputPaths = (
				"${SRCROOT}/Pods/Target Support Files/Pods-SwiftDemo/Pods-SwiftDemo-frameworks.sh",
				"${BUILT_PRODUCTS_DIR}/AFNetworking/AFNetworking.framework",
				"${BUILT_PRODUCTS_DIR}/DZNEmptyDataSet/DZNEmptyDataSet.framework",
				"${BUILT_PRODUCTS_DIR}/FDFullscreenPopGesture/FDFullscreenPopGesture.framework",
				"${BUILT_PRODUCTS_DIR}/GPUImage/GPUImage.framework",
				"${PODS_ROOT}/HyphenateLite/ios_IM_HyphenateLite_sdk_3.3.6/HyphenateSDK/HyphenateLite.framework",
				"${BUILT_PRODUCTS_DIR}/IQKeyboardManager/IQKeyboardManager.framework",
				"${BUILT_PRODUCTS_DIR}/MJExtension/MJExtension.framework",
				"${BUILT_PRODUCTS_DIR}/Masonry/Masonry.framework",
				"${BUILT_PRODUCTS_DIR}/SDWebImage/SDWebImage.framework",
				"${BUILT_PRODUCTS_DIR}/SVProgressHUD/SVProgressHUD.framework",
				"${BUILT_PRODUCTS_DIR}/pop/pop.framework",
			);
			name = "[CP] Embed Pods Frameworks";
			outputPaths = (
				"${TARGET_BUILD_DIR}/${FRAMEWORKS_FOLDER_PATH}/AFNetworking.framework",
				"${TARGET_BUILD_DIR}/${FRAMEWORKS_FOLDER_PATH}/DZNEmptyDataSet.framework",
				"${TARGET_BUILD_DIR}/${FRAMEWORKS_FOLDER_PATH}/FDFullscreenPopGesture.framework",
				"${TARGET_BUILD_DIR}/${FRAMEWORKS_FOLDER_PATH}/GPUImage.framework",
				"${TARGET_BUILD_DIR}/${FRAMEWORKS_FOLDER_PATH}/HyphenateLite.framework",
				"${TARGET_BUILD_DIR}/${FRAMEWORKS_FOLDER_PATH}/IQKeyboardManager.framework",
				"${TARGET_BUILD_DIR}/${FRAMEWORKS_FOLDER_PATH}/MJExtension.framework",
				"${TARGET_BUILD_DIR}/${FRAMEWORKS_FOLDER_PATH}/Masonry.framework",
				"${TARGET_BUILD_DIR}/${FRAMEWORKS_FOLDER_PATH}/SDWebImage.framework",
				"${TARGET_BUILD_DIR}/${FRAMEWORKS_FOLDER_PATH}/SVProgressHUD.framework",
				"${TARGET_BUILD_DIR}/${FRAMEWORKS_FOLDER_PATH}/pop.framework",
			);
			runOnlyForDeploymentPostprocessing = 0;
			shellPath = /bin/sh;
			shellScript = "\"${SRCROOT}/Pods/Target Support Files/Pods-SwiftDemo/Pods-SwiftDemo-frameworks.sh\"\n";
			showEnvVarsInLog = 0;
		};
		FE577EE15D71B5FCB6293524 /* [CP] Check Pods Manifest.lock */ = {
			isa = PBXShellScriptBuildPhase;
			buildActionMask = 2147483647;
			files = (
			);
			inputPaths = (
				"${PODS_PODFILE_DIR_PATH}/Podfile.lock",
				"${PODS_ROOT}/Manifest.lock",
			);
			name = "[CP] Check Pods Manifest.lock";
			outputPaths = (
				"$(DERIVED_FILE_DIR)/Pods-SwiftDemo-checkManifestLockResult.txt",
			);
			runOnlyForDeploymentPostprocessing = 0;
			shellPath = /bin/sh;
			shellScript = "diff \"${PODS_PODFILE_DIR_PATH}/Podfile.lock\" \"${PODS_ROOT}/Manifest.lock\" > /dev/null\nif [ $? != 0 ] ; then\n    # print error to STDERR\n    echo \"error: The sandbox is not in sync with the Podfile.lock. Run 'pod install' or update your CocoaPods installation.\" >&2\n    exit 1\nfi\n# This output is used by Xcode 'outputs' to avoid re-running this script phase.\necho \"SUCCESS\" > \"${SCRIPT_OUTPUT_FILE_0}\"\n";
			showEnvVarsInLog = 0;
		};
/* End PBXShellScriptBuildPhase section */

/* Begin PBXSourcesBuildPhase section */
		A641AE9920D20F3B00717355 /* Sources */ = {
			isa = PBXSourcesBuildPhase;
			buildActionMask = 2147483647;
			files = (
				A64BAD8620DA2E1A000F0322 /* CYLTabBar.m in Sources */,
				A641AEA120D20F3B00717355 /* AppDelegate.swift in Sources */,
				A6F810D520D3B6B100C66B19 /* UIView+Extension.swift in Sources */,
				A64BAD8A20DA2E82000F0322 /* MainViewControllerConfig.swift in Sources */,
				A667339520DA63CC00B814A9 /* YXCitizenInVCViewController.swift in Sources */,
				A64BADA620DA3306000F0322 /* YXRankIndexViewController.swift in Sources */,
				A64BADAA20DA3314000F0322 /* YXMineViewController.swift in Sources */,
				A64BAD8820DA2E1A000F0322 /* UIViewController+CYLTabBarControllerExtention.m in Sources */,
				A64BADAD20DA3388000F0322 /* BaseNavigationController.swift in Sources */,
				A64BADA220DA32F0000F0322 /* YXDiscoverViewController.swift in Sources */,
				A6F810C720D2597200C66B19 /* BaseViewController.swift in Sources */,
				A6E2545820D9F56200297D70 /* MyControl.swift in Sources */,
				A6F810D320D39E4C00C66B19 /* Theme.swift in Sources */,
				A64BAD9E20DA32D5000F0322 /* YXHomeViewController.swift in Sources */,
				A6E2545620D9DCBD00297D70 /* UIButton+Extension.swift in Sources */,
				A64BAD8420DA2E1A000F0322 /* UIView+CYLTabBarControllerExtention.m in Sources */,
				A64BAD8520DA2E1A000F0322 /* CYLTabBarController.m in Sources */,
				A6F810CD20D277F100C66B19 /* UIColor+Extension.swift in Sources */,
				A6E2545A20D9FB7700297D70 /* UIFont+Extension.swift in Sources */,
				A64BAD8720DA2E1A000F0322 /* CYLPlusButton.m in Sources */,
				A6F810CF20D38D8D00C66B19 /* BaseDetailViewController.swift in Sources */,
			);
			runOnlyForDeploymentPostprocessing = 0;
		};
		A641AEAD20D20F3B00717355 /* Sources */ = {
			isa = PBXSourcesBuildPhase;
			buildActionMask = 2147483647;
			files = (
				A641AEB620D20F3B00717355 /* SwiftDemoTests.swift in Sources */,
			);
			runOnlyForDeploymentPostprocessing = 0;
		};
		A641AEB820D20F3B00717355 /* Sources */ = {
			isa = PBXSourcesBuildPhase;
			buildActionMask = 2147483647;
			files = (
				A641AEC120D20F3B00717355 /* SwiftDemoUITests.swift in Sources */,
			);
			runOnlyForDeploymentPostprocessing = 0;
		};
/* End PBXSourcesBuildPhase section */

/* Begin PBXTargetDependency section */
		A641AEB320D20F3B00717355 /* PBXTargetDependency */ = {
			isa = PBXTargetDependency;
			target = A641AE9C20D20F3B00717355 /* SwiftDemo */;
			targetProxy = A641AEB220D20F3B00717355 /* PBXContainerItemProxy */;
		};
		A641AEBE20D20F3B00717355 /* PBXTargetDependency */ = {
			isa = PBXTargetDependency;
			target = A641AE9C20D20F3B00717355 /* SwiftDemo */;
			targetProxy = A641AEBD20D20F3B00717355 /* PBXContainerItemProxy */;
		};
/* End PBXTargetDependency section */

/* Begin PBXVariantGroup section */
		A641AEA920D20F3B00717355 /* LaunchScreen.storyboard */ = {
			isa = PBXVariantGroup;
			children = (
				A641AEAA20D20F3B00717355 /* Base */,
			);
			name = LaunchScreen.storyboard;
			sourceTree = "<group>";
		};
/* End PBXVariantGroup section */

/* Begin XCBuildConfiguration section */
		A641AEC320D20F3B00717355 /* Debug */ = {
			isa = XCBuildConfiguration;
			buildSettings = {
				ALWAYS_SEARCH_USER_PATHS = NO;
				CLANG_ANALYZER_NONNULL = YES;
				CLANG_ANALYZER_NUMBER_OBJECT_CONVERSION = YES_AGGRESSIVE;
				CLANG_CXX_LANGUAGE_STANDARD = "gnu++14";
				CLANG_CXX_LIBRARY = "libc++";
				CLANG_ENABLE_MODULES = YES;
				CLANG_ENABLE_OBJC_ARC = YES;
				CLANG_WARN_BLOCK_CAPTURE_AUTORELEASING = YES;
				CLANG_WARN_BOOL_CONVERSION = YES;
				CLANG_WARN_COMMA = YES;
				CLANG_WARN_CONSTANT_CONVERSION = YES;
				CLANG_WARN_DIRECT_OBJC_ISA_USAGE = YES_ERROR;
				CLANG_WARN_DOCUMENTATION_COMMENTS = YES;
				CLANG_WARN_EMPTY_BODY = YES;
				CLANG_WARN_ENUM_CONVERSION = YES;
				CLANG_WARN_INFINITE_RECURSION = YES;
				CLANG_WARN_INT_CONVERSION = YES;
				CLANG_WARN_NON_LITERAL_NULL_CONVERSION = YES;
				CLANG_WARN_OBJC_LITERAL_CONVERSION = YES;
				CLANG_WARN_OBJC_ROOT_CLASS = YES_ERROR;
				CLANG_WARN_RANGE_LOOP_ANALYSIS = YES;
				CLANG_WARN_STRICT_PROTOTYPES = YES;
				CLANG_WARN_SUSPICIOUS_MOVE = YES;
				CLANG_WARN_UNGUARDED_AVAILABILITY = YES_AGGRESSIVE;
				CLANG_WARN_UNREACHABLE_CODE = YES;
				CLANG_WARN__DUPLICATE_METHOD_MATCH = YES;
				CODE_SIGN_IDENTITY = "iPhone Developer";
				COPY_PHASE_STRIP = NO;
				DEBUG_INFORMATION_FORMAT = dwarf;
				ENABLE_STRICT_OBJC_MSGSEND = YES;
				ENABLE_TESTABILITY = YES;
				GCC_C_LANGUAGE_STANDARD = gnu11;
				GCC_DYNAMIC_NO_PIC = NO;
				GCC_NO_COMMON_BLOCKS = YES;
				GCC_OPTIMIZATION_LEVEL = 0;
				GCC_PREPROCESSOR_DEFINITIONS = (
					"DEBUG=1",
					"$(inherited)",
				);
				GCC_WARN_64_TO_32_BIT_CONVERSION = YES;
				GCC_WARN_ABOUT_RETURN_TYPE = YES_ERROR;
				GCC_WARN_UNDECLARED_SELECTOR = YES;
				GCC_WARN_UNINITIALIZED_AUTOS = YES_AGGRESSIVE;
				GCC_WARN_UNUSED_FUNCTION = YES;
				GCC_WARN_UNUSED_VARIABLE = YES;
				IPHONEOS_DEPLOYMENT_TARGET = 11.0;
				MTL_ENABLE_DEBUG_INFO = YES;
				ONLY_ACTIVE_ARCH = YES;
				SDKROOT = iphoneos;
				SWIFT_ACTIVE_COMPILATION_CONDITIONS = DEBUG;
				SWIFT_OPTIMIZATION_LEVEL = "-Onone";
			};
			name = Debug;
		};
		A641AEC420D20F3B00717355 /* Release */ = {
			isa = XCBuildConfiguration;
			buildSettings = {
				ALWAYS_SEARCH_USER_PATHS = NO;
				CLANG_ANALYZER_NONNULL = YES;
				CLANG_ANALYZER_NUMBER_OBJECT_CONVERSION = YES_AGGRESSIVE;
				CLANG_CXX_LANGUAGE_STANDARD = "gnu++14";
				CLANG_CXX_LIBRARY = "libc++";
				CLANG_ENABLE_MODULES = YES;
				CLANG_ENABLE_OBJC_ARC = YES;
				CLANG_WARN_BLOCK_CAPTURE_AUTORELEASING = YES;
				CLANG_WARN_BOOL_CONVERSION = YES;
				CLANG_WARN_COMMA = YES;
				CLANG_WARN_CONSTANT_CONVERSION = YES;
				CLANG_WARN_DIRECT_OBJC_ISA_USAGE = YES_ERROR;
				CLANG_WARN_DOCUMENTATION_COMMENTS = YES;
				CLANG_WARN_EMPTY_BODY = YES;
				CLANG_WARN_ENUM_CONVERSION = YES;
				CLANG_WARN_INFINITE_RECURSION = YES;
				CLANG_WARN_INT_CONVERSION = YES;
				CLANG_WARN_NON_LITERAL_NULL_CONVERSION = YES;
				CLANG_WARN_OBJC_LITERAL_CONVERSION = YES;
				CLANG_WARN_OBJC_ROOT_CLASS = YES_ERROR;
				CLANG_WARN_RANGE_LOOP_ANALYSIS = YES;
				CLANG_WARN_STRICT_PROTOTYPES = YES;
				CLANG_WARN_SUSPICIOUS_MOVE = YES;
				CLANG_WARN_UNGUARDED_AVAILABILITY = YES_AGGRESSIVE;
				CLANG_WARN_UNREACHABLE_CODE = YES;
				CLANG_WARN__DUPLICATE_METHOD_MATCH = YES;
				CODE_SIGN_IDENTITY = "iPhone Developer";
				COPY_PHASE_STRIP = NO;
				DEBUG_INFORMATION_FORMAT = "dwarf-with-dsym";
				ENABLE_NS_ASSERTIONS = NO;
				ENABLE_STRICT_OBJC_MSGSEND = YES;
				GCC_C_LANGUAGE_STANDARD = gnu11;
				GCC_NO_COMMON_BLOCKS = YES;
				GCC_WARN_64_TO_32_BIT_CONVERSION = YES;
				GCC_WARN_ABOUT_RETURN_TYPE = YES_ERROR;
				GCC_WARN_UNDECLARED_SELECTOR = YES;
				GCC_WARN_UNINITIALIZED_AUTOS = YES_AGGRESSIVE;
				GCC_WARN_UNUSED_FUNCTION = YES;
				GCC_WARN_UNUSED_VARIABLE = YES;
				IPHONEOS_DEPLOYMENT_TARGET = 11.0;
				MTL_ENABLE_DEBUG_INFO = NO;
				SDKROOT = iphoneos;
				SWIFT_OPTIMIZATION_LEVEL = "-Owholemodule";
				VALIDATE_PRODUCT = YES;
			};
			name = Release;
		};
		A641AEC620D20F3B00717355 /* Debug */ = {
			isa = XCBuildConfiguration;
			baseConfigurationReference = D902CDA28860F68107560AC1 /* Pods-SwiftDemo.debug.xcconfig */;
			buildSettings = {
				ASSETCATALOG_COMPILER_APPICON_NAME = AppIcon;
				ASSETCATALOG_COMPILER_LAUNCHIMAGE_NAME = LaunchImage;
				CODE_SIGN_STYLE = Automatic;
				INFOPLIST_FILE = SwiftDemo/Info.plist;
				IPHONEOS_DEPLOYMENT_TARGET = 9.0;
				LD_RUNPATH_SEARCH_PATHS = "$(inherited) @executable_path/Frameworks";
				PRODUCT_BUNDLE_IDENTIFIER = com.taotao.SwiftDemo;
				PRODUCT_NAME = "$(TARGET_NAME)";
				SWIFT_OBJC_BRIDGING_HEADER = "SwiftDemo/Other/SwiftDemo-Bridging-Header.h";
				SWIFT_VERSION = 4.0;
				TARGETED_DEVICE_FAMILY = "1,2";
			};
			name = Debug;
		};
		A641AEC720D20F3B00717355 /* Release */ = {
			isa = XCBuildConfiguration;
			baseConfigurationReference = F470FA7E1A2FDED2F3FE792F /* Pods-SwiftDemo.release.xcconfig */;
			buildSettings = {
				ASSETCATALOG_COMPILER_APPICON_NAME = AppIcon;
				ASSETCATALOG_COMPILER_LAUNCHIMAGE_NAME = LaunchImage;
				CODE_SIGN_STYLE = Automatic;
				INFOPLIST_FILE = SwiftDemo/Info.plist;
				IPHONEOS_DEPLOYMENT_TARGET = 9.0;
				LD_RUNPATH_SEARCH_PATHS = "$(inherited) @executable_path/Frameworks";
				PRODUCT_BUNDLE_IDENTIFIER = com.taotao.SwiftDemo;
				PRODUCT_NAME = "$(TARGET_NAME)";
				SWIFT_OBJC_BRIDGING_HEADER = "SwiftDemo/Other/SwiftDemo-Bridging-Header.h";
				SWIFT_VERSION = 4.0;
				TARGETED_DEVICE_FAMILY = "1,2";
			};
			name = Release;
		};
		A641AEC920D20F3B00717355 /* Debug */ = {
			isa = XCBuildConfiguration;
			buildSettings = {
				ALWAYS_EMBED_SWIFT_STANDARD_LIBRARIES = YES;
				BUNDLE_LOADER = "$(TEST_HOST)";
				CODE_SIGN_STYLE = Automatic;
				INFOPLIST_FILE = SwiftDemoTests/Info.plist;
				LD_RUNPATH_SEARCH_PATHS = "$(inherited) @executable_path/Frameworks @loader_path/Frameworks";
				PRODUCT_BUNDLE_IDENTIFIER = com.taotao.SwiftDemoTests;
				PRODUCT_NAME = "$(TARGET_NAME)";
				SWIFT_VERSION = 4.0;
				TARGETED_DEVICE_FAMILY = "1,2";
				TEST_HOST = "$(BUILT_PRODUCTS_DIR)/SwiftDemo.app/SwiftDemo";
			};
			name = Debug;
		};
		A641AECA20D20F3B00717355 /* Release */ = {
			isa = XCBuildConfiguration;
			buildSettings = {
				ALWAYS_EMBED_SWIFT_STANDARD_LIBRARIES = YES;
				BUNDLE_LOADER = "$(TEST_HOST)";
				CODE_SIGN_STYLE = Automatic;
				INFOPLIST_FILE = SwiftDemoTests/Info.plist;
				LD_RUNPATH_SEARCH_PATHS = "$(inherited) @executable_path/Frameworks @loader_path/Frameworks";
				PRODUCT_BUNDLE_IDENTIFIER = com.taotao.SwiftDemoTests;
				PRODUCT_NAME = "$(TARGET_NAME)";
				SWIFT_VERSION = 4.0;
				TARGETED_DEVICE_FAMILY = "1,2";
				TEST_HOST = "$(BUILT_PRODUCTS_DIR)/SwiftDemo.app/SwiftDemo";
			};
			name = Release;
		};
		A641AECC20D20F3B00717355 /* Debug */ = {
			isa = XCBuildConfiguration;
			buildSettings = {
				ALWAYS_EMBED_SWIFT_STANDARD_LIBRARIES = YES;
				CODE_SIGN_STYLE = Automatic;
				INFOPLIST_FILE = SwiftDemoUITests/Info.plist;
				LD_RUNPATH_SEARCH_PATHS = "$(inherited) @executable_path/Frameworks @loader_path/Frameworks";
				PRODUCT_BUNDLE_IDENTIFIER = com.taotao.SwiftDemoUITests;
				PRODUCT_NAME = "$(TARGET_NAME)";
				SWIFT_VERSION = 4.0;
				TARGETED_DEVICE_FAMILY = "1,2";
				TEST_TARGET_NAME = SwiftDemo;
			};
			name = Debug;
		};
		A641AECD20D20F3B00717355 /* Release */ = {
			isa = XCBuildConfiguration;
			buildSettings = {
				ALWAYS_EMBED_SWIFT_STANDARD_LIBRARIES = YES;
				CODE_SIGN_STYLE = Automatic;
				INFOPLIST_FILE = SwiftDemoUITests/Info.plist;
				LD_RUNPATH_SEARCH_PATHS = "$(inherited) @executable_path/Frameworks @loader_path/Frameworks";
				PRODUCT_BUNDLE_IDENTIFIER = com.taotao.SwiftDemoUITests;
				PRODUCT_NAME = "$(TARGET_NAME)";
				SWIFT_VERSION = 4.0;
				TARGETED_DEVICE_FAMILY = "1,2";
				TEST_TARGET_NAME = SwiftDemo;
			};
			name = Release;
		};
/* End XCBuildConfiguration section */

/* Begin XCConfigurationList section */
		A641AE9820D20F3B00717355 /* Build configuration list for PBXProject "SwiftDemo" */ = {
			isa = XCConfigurationList;
			buildConfigurations = (
				A641AEC320D20F3B00717355 /* Debug */,
				A641AEC420D20F3B00717355 /* Release */,
			);
			defaultConfigurationIsVisible = 0;
			defaultConfigurationName = Release;
		};
		A641AEC520D20F3B00717355 /* Build configuration list for PBXNativeTarget "SwiftDemo" */ = {
			isa = XCConfigurationList;
			buildConfigurations = (
				A641AEC620D20F3B00717355 /* Debug */,
				A641AEC720D20F3B00717355 /* Release */,
			);
			defaultConfigurationIsVisible = 0;
			defaultConfigurationName = Release;
		};
		A641AEC820D20F3B00717355 /* Build configuration list for PBXNativeTarget "SwiftDemoTests" */ = {
			isa = XCConfigurationList;
			buildConfigurations = (
				A641AEC920D20F3B00717355 /* Debug */,
				A641AECA20D20F3B00717355 /* Release */,
			);
			defaultConfigurationIsVisible = 0;
			defaultConfigurationName = Release;
		};
		A641AECB20D20F3B00717355 /* Build configuration list for PBXNativeTarget "SwiftDemoUITests" */ = {
			isa = XCConfigurationList;
			buildConfigurations = (
				A641AECC20D20F3B00717355 /* Debug */,
				A641AECD20D20F3B00717355 /* Release */,
			);
			defaultConfigurationIsVisible = 0;
			defaultConfigurationName = Release;
		};
/* End XCConfigurationList section */
	};
	rootObject = A641AE9520D20F3B00717355 /* Project object */;
}
